
Microsoft Visual Studio Solution File, Format Version 12.00
# Visual Studio Version 17
VisualStudioVersion = 17.5.33516.290
MinimumVisualStudioVersion = 10.0.40219.1
Project("{FAE04EC0-301F-11D3-BF4B-00C04F79EFBC}") = "TP_ISW_G3", "TP_ISW_G3\TP_ISW_G3.csproj", "{60157BF1-E395-4F2E-8F7E-6FB50E034D66}"
EndProject
Global
	GlobalSection(SolutionConfigurationPlatforms) = preSolution
		Debug|Any CPU = Debug|Any CPU
		Release|Any CPU = Release|Any CPU
	EndGlobalSection
	GlobalSection(ProjectConfigurationPlatforms) = postSolution
		{60157BF1-E395-4F2E-8F7E-6FB50E034D66}.Debug|Any CPU.ActiveCfg = Debug|Any CPU
		{60157BF1-E395-4F2E-8F7E-6FB50E034D66}.Debug|Any CPU.Build.0 = Debug|Any CPU
		{60157BF1-E395-4F2E-8F7E-6FB50E034D66}.Release|Any CPU.ActiveCfg = Release|Any CPU
		{60157BF1-E395-4F2E-8F7E-6FB50E034D66}.Release|Any CPU.Build.0 = Release|Any CPU
	EndGlobalSection
	GlobalSection(SolutionProperties) = preSolution
		HideSolutionNode = FALSE
	EndGlobalSection
	GlobalSection(ExtensibilityGlobals) = postSolution
		SolutionGuid = {CABBCDF6-E6F9-4D7E-83F2-62864AEEED02}
	EndGlobalSection
EndGlobal
